
Microsoft Visual Studio Solution File, Format Version 12.00
# Visual Studio Version 17
VisualStudioVersion = 17.11.35312.102
MinimumVisualStudioVersion = 10.0.40219.1
Project("{FAE04EC0-301F-11D3-BF4B-00C04F79EFBC}") = "zadanie domowe aplikacja windows forms", "zadanie domowe aplikacja windows forms\zadanie domowe aplikacja windows forms.csproj", "{7D5A4554-917B-4D4A-AE52-1D7031B6DAD6}"
EndProject
Global
	GlobalSection(SolutionConfigurationPlatforms) = preSolution
		Debug|Any CPU = Debug|Any CPU
		Release|Any CPU = Release|Any CPU
	EndGlobalSection
	GlobalSection(ProjectConfigurationPlatforms) = postSolution
		{7D5A4554-917B-4D4A-AE52-1D7031B6DAD6}.Debug|Any CPU.ActiveCfg = Debug|Any CPU
		{7D5A4554-917B-4D4A-AE52-1D7031B6DAD6}.Debug|Any CPU.Build.0 = Debug|Any CPU
		{7D5A4554-917B-4D4A-AE52-1D7031B6DAD6}.Release|Any CPU.ActiveCfg = Release|Any CPU
		{7D5A4554-917B-4D4A-AE52-1D7031B6DAD6}.Release|Any CPU.Build.0 = Release|Any CPU
	EndGlobalSection
	GlobalSection(SolutionProperties) = preSolution
		HideSolutionNode = FALSE
	EndGlobalSection
	GlobalSection(ExtensibilityGlobals) = postSolution
		SolutionGuid = {5A036F1E-93CC-4DC7-8C9E-0705FAE1FB29}
	EndGlobalSection
EndGlobal
